{
  "name": "ts-vue",
  "version": "1.0.0",
  "lockfileVersion": 1,
  "requires": true,
  "dependencies": {
    "tslib": {
      "version": "1.9.2",
      "resolved": "https://registry.npmjs.org/tslib/-/tslib-1.9.2.tgz",
      "integrity": "sha512-AVP5Xol3WivEr7hnssHDsaM+lVrVXWUvd1cfXTRkTj80b//6g2wIFEH6hZG0muGZRnHGrfttpdzRk3YlBkWjKw==",
      "dev": true
    },
    "vue": {
      "version": "2.5.16",
      "resolved": "https://registry.npmjs.org/vue/-/vue-2.5.16.tgz",
      "integrity": "sha512-/ffmsiVuPC8PsWcFkZngdpas19ABm5mh2wA7iDqcltyCTwlgZjHGeJYOXkBMo422iPwIcviOtrTCUpSfXmToLQ=="
    },
    "vue-class-component": {
      "version": "6.2.0",
      "resolved": "https://registry.npmjs.org/vue-class-component/-/vue-class-component-6.2.0.tgz",
      "integrity": "sha512-U11yVeP5zjPSx4IU7Zas3MLC+Vy9dmufI+uLKLo8YuGQJGOihSYfh/fgNnbjMteN+hz5axjG6iC6ybMo6vGYnA==",
      "dev": true
    }
  }
}
